// !$*UTF8*$!
{
	archiveVersion = 1;
	classes = {
	};
	objectVersion = 46;
	objects = {

/* Begin PBXBuildFile section */
		050E10011A868D99006F4FF7 /* TracksListViewController.m in Sources */ = {isa = PBXBuildFile; fileRef = 050E10001A868D99006F4FF7 /* TracksListViewController.m */; };
		057750511A847A0800F18B0D /* main.m in Sources */ = {isa = PBXBuildFile; fileRef = 057750501A847A0800F18B0D /* main.m */; };
		057750541A847A0800F18B0D /* AppDelegate.m in Sources */ = {isa = PBXBuildFile; fileRef = 057750531A847A0800F18B0D /* AppDelegate.m */; };
		057750571A847A0800F18B0D /* ViewController.m in Sources */ = {isa = PBXBuildFile; fileRef = 057750561A847A0800F18B0D /* ViewController.m */; };
		0577505A1A847A0800F18B0D /* Main.storyboard in Resources */ = {isa = PBXBuildFile; fileRef = 057750581A847A0800F18B0D /* Main.storyboard */; };
		0577505C1A847A0800F18B0D /* Images.xcassets in Resources */ = {isa = PBXBuildFile; fileRef = 0577505B1A847A0800F18B0D /* Images.xcassets */; };
		0577505F1A847A0800F18B0D /* LaunchScreen.xib in Resources */ = {isa = PBXBuildFile; fileRef = 0577505D1A847A0800F18B0D /* LaunchScreen.xib */; };
		0577506B1A847A0800F18B0D /* olaappathonTests.m in Sources */ = {isa = PBXBuildFile; fileRef = 0577506A1A847A0800F18B0D /* olaappathonTests.m */; };
		057750751A847A8E00F18B0D /* GoogleMaps.framework in Frameworks */ = {isa = PBXBuildFile; fileRef = 057750741A847A8E00F18B0D /* GoogleMaps.framework */; };
		057750771A847ABB00F18B0D /* GoogleMaps.bundle in Resources */ = {isa = PBXBuildFile; fileRef = 057750761A847ABB00F18B0D /* GoogleMaps.bundle */; };
		057750791A847ADE00F18B0D /* AVFoundation.framework in Frameworks */ = {isa = PBXBuildFile; fileRef = 057750781A847ADE00F18B0D /* AVFoundation.framework */; };
		0577507B1A847AE500F18B0D /* CoreData.framework in Frameworks */ = {isa = PBXBuildFile; fileRef = 0577507A1A847AE500F18B0D /* CoreData.framework */; };
		0577507D1A847AEE00F18B0D /* CoreLocation.framework in Frameworks */ = {isa = PBXBuildFile; fileRef = 0577507C1A847AEE00F18B0D /* CoreLocation.framework */; };
		0577507F1A847AF700F18B0D /* CoreText.framework in Frameworks */ = {isa = PBXBuildFile; fileRef = 0577507E1A847AF700F18B0D /* CoreText.framework */; };
		057750811A847AFF00F18B0D /* GLKit.framework in Frameworks */ = {isa = PBXBuildFile; fileRef = 057750801A847AFF00F18B0D /* GLKit.framework */; };
		057750831A847B0800F18B0D /* ImageIO.framework in Frameworks */ = {isa = PBXBuildFile; fileRef = 057750821A847B0800F18B0D /* ImageIO.framework */; };
		057750851A847B1400F18B0D /* libc++.dylib in Frameworks */ = {isa = PBXBuildFile; fileRef = 057750841A847B1400F18B0D /* libc++.dylib */; };
		057750871A847B3800F18B0D /* OpenGLES.framework in Frameworks */ = {isa = PBXBuildFile; fileRef = 057750861A847B3800F18B0D /* OpenGLES.framework */; };
		057750891A847B4000F18B0D /* QuartzCore.framework in Frameworks */ = {isa = PBXBuildFile; fileRef = 057750881A847B4000F18B0D /* QuartzCore.framework */; };
		0577508B1A847B4900F18B0D /* SystemConfiguration.framework in Frameworks */ = {isa = PBXBuildFile; fileRef = 0577508A1A847B4900F18B0D /* SystemConfiguration.framework */; };
		0577508D1A847E5B00F18B0D /* libz.dylib in Frameworks */ = {isa = PBXBuildFile; fileRef = 0577508C1A847E5B00F18B0D /* libz.dylib */; };
		261CC1BE0835B8640924B018 /* libPods.a in Frameworks */ = {isa = PBXBuildFile; fileRef = 1E9AF41FF15A82133920A963 /* libPods.a */; };
/* End PBXBuildFile section */

/* Begin PBXContainerItemProxy section */
		057750651A847A0800F18B0D /* PBXContainerItemProxy */ = {
			isa = PBXContainerItemProxy;
			containerPortal = 057750431A847A0800F18B0D /* Project object */;
			proxyType = 1;
			remoteGlobalIDString = 0577504A1A847A0800F18B0D;
			remoteInfo = olaappathon;
		};
/* End PBXContainerItemProxy section */

/* Begin PBXFileReference section */
		050E0FFF1A868D99006F4FF7 /* TracksListViewController.h */ = {isa = PBXFileReference; fileEncoding = 4; lastKnownFileType = sourcecode.c.h; path = TracksListViewController.h; sourceTree = "<group>"; };
		050E10001A868D99006F4FF7 /* TracksListViewController.m */ = {isa = PBXFileReference; fileEncoding = 4; lastKnownFileType = sourcecode.c.objc; path = TracksListViewController.m; sourceTree = "<group>"; };
		0577504B1A847A0800F18B0D /* olaappathon.app */ = {isa = PBXFileReference; explicitFileType = wrapper.application; includeInIndex = 0; path = olaappathon.app; sourceTree = BUILT_PRODUCTS_DIR; };
		0577504F1A847A0800F18B0D /* Info.plist */ = {isa = PBXFileReference; lastKnownFileType = text.plist.xml; path = Info.plist; sourceTree = "<group>"; };
		057750501A847A0800F18B0D /* main.m */ = {isa = PBXFileReference; lastKnownFileType = sourcecode.c.objc; path = main.m; sourceTree = "<group>"; };
		057750521A847A0800F18B0D /* AppDelegate.h */ = {isa = PBXFileReference; lastKnownFileType = sourcecode.c.h; path = AppDelegate.h; sourceTree = "<group>"; };
		057750531A847A0800F18B0D /* AppDelegate.m */ = {isa = PBXFileReference; lastKnownFileType = sourcecode.c.objc; path = AppDelegate.m; sourceTree = "<group>"; };
		057750551A847A0800F18B0D /* ViewController.h */ = {isa = PBXFileReference; lastKnownFileType = sourcecode.c.h; path = ViewController.h; sourceTree = "<group>"; };
		057750561A847A0800F18B0D /* ViewController.m */ = {isa = PBXFileReference; lastKnownFileType = sourcecode.c.objc; path = ViewController.m; sourceTree = "<group>"; };
		057750591A847A0800F18B0D /* Base */ = {isa = PBXFileReference; lastKnownFileType = file.storyboard; name = Base; path = Base.lproj/Main.storyboard; sourceTree = "<group>"; };
		0577505B1A847A0800F18B0D /* Images.xcassets */ = {isa = PBXFileReference; lastKnownFileType = folder.assetcatalog; path = Images.xcassets; sourceTree = "<group>"; };
		0577505E1A847A0800F18B0D /* Base */ = {isa = PBXFileReference; lastKnownFileType = file.xib; name = Base; path = Base.lproj/LaunchScreen.xib; sourceTree = "<group>"; };
		057750641A847A0800F18B0D /* olaappathonTests.xctest */ = {isa = PBXFileReference; explicitFileType = wrapper.cfbundle; includeInIndex = 0; path = olaappathonTests.xctest; sourceTree = BUILT_PRODUCTS_DIR; };
		057750691A847A0800F18B0D /* Info.plist */ = {isa = PBXFileReference; lastKnownFileType = text.plist.xml; path = Info.plist; sourceTree = "<group>"; };
		0577506A1A847A0800F18B0D /* olaappathonTests.m */ = {isa = PBXFileReference; lastKnownFileType = sourcecode.c.objc; path = olaappathonTests.m; sourceTree = "<group>"; };
		057750741A847A8E00F18B0D /* GoogleMaps.framework */ = {isa = PBXFileReference; lastKnownFileType = wrapper.framework; path = GoogleMaps.framework; sourceTree = "<group>"; };
		057750761A847ABB00F18B0D /* GoogleMaps.bundle */ = {isa = PBXFileReference; lastKnownFileType = "wrapper.plug-in"; name = GoogleMaps.bundle; path = GoogleMaps.framework/Versions/A/Resources/GoogleMaps.bundle; sourceTree = "<group>"; };
		057750781A847ADE00F18B0D /* AVFoundation.framework */ = {isa = PBXFileReference; lastKnownFileType = wrapper.framework; name = AVFoundation.framework; path = System/Library/Frameworks/AVFoundation.framework; sourceTree = SDKROOT; };
		0577507A1A847AE500F18B0D /* CoreData.framework */ = {isa = PBXFileReference; lastKnownFileType = wrapper.framework; name = CoreData.framework; path = System/Library/Frameworks/CoreData.framework; sourceTree = SDKROOT; };
		0577507C1A847AEE00F18B0D /* CoreLocation.framework */ = {isa = PBXFileReference; lastKnownFileType = wrapper.framework; name = CoreLocation.framework; path = System/Library/Frameworks/CoreLocation.framework; sourceTree = SDKROOT; };
		0577507E1A847AF700F18B0D /* CoreText.framework */ = {isa = PBXFileReference; lastKnownFileType = wrapper.framework; name = CoreText.framework; path = System/Library/Frameworks/CoreText.framework; sourceTree = SDKROOT; };
		057750801A847AFF00F18B0D /* GLKit.framework */ = {isa = PBXFileReference; lastKnownFileType = wrapper.framework; name = GLKit.framework; path = System/Library/Frameworks/GLKit.framework; sourceTree = SDKROOT; };
		057750821A847B0800F18B0D /* ImageIO.framework */ = {isa = PBXFileReference; lastKnownFileType = wrapper.framework; name = ImageIO.framework; path = System/Library/Frameworks/ImageIO.framework; sourceTree = SDKROOT; };
		057750841A847B1400F18B0D /* libc++.dylib */ = {isa = PBXFileReference; lastKnownFileType = "compiled.mach-o.dylib"; name = "libc++.dylib"; path = "usr/lib/libc++.dylib"; sourceTree = SDKROOT; };
		057750861A847B3800F18B0D /* OpenGLES.framework */ = {isa = PBXFileReference; lastKnownFileType = wrapper.framework; name = OpenGLES.framework; path = System/Library/Frameworks/OpenGLES.framework; sourceTree = SDKROOT; };
		057750881A847B4000F18B0D /* QuartzCore.framework */ = {isa = PBXFileReference; lastKnownFileType = wrapper.framework; name = QuartzCore.framework; path = System/Library/Frameworks/QuartzCore.framework; sourceTree = SDKROOT; };
		0577508A1A847B4900F18B0D /* SystemConfiguration.framework */ = {isa = PBXFileReference; lastKnownFileType = wrapper.framework; name = SystemConfiguration.framework; path = System/Library/Frameworks/SystemConfiguration.framework; sourceTree = SDKROOT; };
		0577508C1A847E5B00F18B0D /* libz.dylib */ = {isa = PBXFileReference; lastKnownFileType = "compiled.mach-o.dylib"; name = libz.dylib; path = usr/lib/libz.dylib; sourceTree = SDKROOT; };
		1E9AF41FF15A82133920A963 /* libPods.a */ = {isa = PBXFileReference; explicitFileType = archive.ar; includeInIndex = 0; path = libPods.a; sourceTree = BUILT_PRODUCTS_DIR; };
		4A1CA011CA19C1CE0BE3ECF3 /* Pods.debug.xcconfig */ = {isa = PBXFileReference; includeInIndex = 1; lastKnownFileType = text.xcconfig; name = Pods.debug.xcconfig; path = "Pods/Target Support Files/Pods/Pods.debug.xcconfig"; sourceTree = "<group>"; };
		B90077DADC01B42551E7EC6B /* Pods.release.xcconfig */ = {isa = PBXFileReference; includeInIndex = 1; lastKnownFileType = text.xcconfig; name = Pods.release.xcconfig; path = "Pods/Target Support Files/Pods/Pods.release.xcconfig"; sourceTree = "<group>"; };
/* End PBXFileReference section */

/* Begin PBXFrameworksBuildPhase section */
		057750481A847A0800F18B0D /* Frameworks */ = {
			isa = PBXFrameworksBuildPhase;
			buildActionMask = 2147483647;
			files = (
				0577508D1A847E5B00F18B0D /* libz.dylib in Frameworks */,
				0577508B1A847B4900F18B0D /* SystemConfiguration.framework in Frameworks */,
				057750891A847B4000F18B0D /* QuartzCore.framework in Frameworks */,
				057750871A847B3800F18B0D /* OpenGLES.framework in Frameworks */,
				057750851A847B1400F18B0D /* libc++.dylib in Frameworks */,
				057750831A847B0800F18B0D /* ImageIO.framework in Frameworks */,
				057750811A847AFF00F18B0D /* GLKit.framework in Frameworks */,
				0577507F1A847AF700F18B0D /* CoreText.framework in Frameworks */,
				0577507D1A847AEE00F18B0D /* CoreLocation.framework in Frameworks */,
				0577507B1A847AE500F18B0D /* CoreData.framework in Frameworks */,
				057750791A847ADE00F18B0D /* AVFoundation.framework in Frameworks */,
				057750751A847A8E00F18B0D /* GoogleMaps.framework in Frameworks */,
				261CC1BE0835B8640924B018 /* libPods.a in Frameworks */,
			);
			runOnlyForDeploymentPostprocessing = 0;
		};
		057750611A847A0800F18B0D /* Frameworks */ = {
			isa = PBXFrameworksBuildPhase;
			buildActionMask = 2147483647;
			files = (
			);
			runOnlyForDeploymentPostprocessing = 0;
		};
/* End PBXFrameworksBuildPhase section */

/* Begin PBXGroup section */
		057750421A847A0800F18B0D = {
			isa = PBXGroup;
			children = (
				0577508C1A847E5B00F18B0D /* libz.dylib */,
				0577508A1A847B4900F18B0D /* SystemConfiguration.framework */,
				057750881A847B4000F18B0D /* QuartzCore.framework */,
				057750861A847B3800F18B0D /* OpenGLES.framework */,
				057750841A847B1400F18B0D /* libc++.dylib */,
				057750821A847B0800F18B0D /* ImageIO.framework */,
				057750801A847AFF00F18B0D /* GLKit.framework */,
				0577507E1A847AF700F18B0D /* CoreText.framework */,
				0577507C1A847AEE00F18B0D /* CoreLocation.framework */,
				0577507A1A847AE500F18B0D /* CoreData.framework */,
				057750781A847ADE00F18B0D /* AVFoundation.framework */,
				0577504D1A847A0800F18B0D /* olaappathon */,
				057750671A847A0800F18B0D /* olaappathonTests */,
				0577504C1A847A0800F18B0D /* Products */,
				1C32F35D763B54844DEDF0AD /* Pods */,
				40C60D74D47DD0F759B9A4BD /* Frameworks */,
			);
			sourceTree = "<group>";
		};
		0577504C1A847A0800F18B0D /* Products */ = {
			isa = PBXGroup;
			children = (
				0577504B1A847A0800F18B0D /* olaappathon.app */,
				057750641A847A0800F18B0D /* olaappathonTests.xctest */,
			);
			name = Products;
			sourceTree = "<group>";
		};
		0577504D1A847A0800F18B0D /* olaappathon */ = {
			isa = PBXGroup;
			children = (
				057750761A847ABB00F18B0D /* GoogleMaps.bundle */,
				057750741A847A8E00F18B0D /* GoogleMaps.framework */,
				057750521A847A0800F18B0D /* AppDelegate.h */,
				057750531A847A0800F18B0D /* AppDelegate.m */,
				057750551A847A0800F18B0D /* ViewController.h */,
				057750561A847A0800F18B0D /* ViewController.m */,
				057750581A847A0800F18B0D /* Main.storyboard */,
				0577505B1A847A0800F18B0D /* Images.xcassets */,
				0577505D1A847A0800F18B0D /* LaunchScreen.xib */,
				0577504E1A847A0800F18B0D /* Supporting Files */,
				050E0FFF1A868D99006F4FF7 /* TracksListViewController.h */,
				050E10001A868D99006F4FF7 /* TracksListViewController.m */,
			);
			path = olaappathon;
			sourceTree = "<group>";
		};
		0577504E1A847A0800F18B0D /* Supporting Files */ = {
			isa = PBXGroup;
			children = (
				0577504F1A847A0800F18B0D /* Info.plist */,
				057750501A847A0800F18B0D /* main.m */,
			);
			name = "Supporting Files";
			sourceTree = "<group>";
		};
		057750671A847A0800F18B0D /* olaappathonTests */ = {
			isa = PBXGroup;
			children = (
				0577506A1A847A0800F18B0D /* olaappathonTests.m */,
				057750681A847A0800F18B0D /* Supporting Files */,
			);
			path = olaappathonTests;
			sourceTree = "<group>";
		};
		057750681A847A0800F18B0D /* Supporting Files */ = {
			isa = PBXGroup;
			children = (
				057750691A847A0800F18B0D /* Info.plist */,
			);
			name = "Supporting Files";
			sourceTree = "<group>";
		};
		1C32F35D763B54844DEDF0AD /* Pods */ = {
			isa = PBXGroup;
			children = (
				4A1CA011CA19C1CE0BE3ECF3 /* Pods.debug.xcconfig */,
				B90077DADC01B42551E7EC6B /* Pods.release.xcconfig */,
			);
			name = Pods;
			sourceTree = "<group>";
		};
		40C60D74D47DD0F759B9A4BD /* Frameworks */ = {
			isa = PBXGroup;
			children = (
				1E9AF41FF15A82133920A963 /* libPods.a */,
			);
			name = Frameworks;
			sourceTree = "<group>";
		};
/* End PBXGroup section */

/* Begin PBXNativeTarget section */
		0577504A1A847A0800F18B0D /* olaappathon */ = {
			isa = PBXNativeTarget;
			buildConfigurationList = 0577506E1A847A0800F18B0D /* Build configuration list for PBXNativeTarget "olaappathon" */;
			buildPhases = (
				D56DF0D9C5E84317D02F965B /* Check Pods Manifest.lock */,
				057750471A847A0800F18B0D /* Sources */,
				057750481A847A0800F18B0D /* Frameworks */,
				057750491A847A0800F18B0D /* Resources */,
				C6EFFBA8128FD23D35EC1A83 /* Copy Pods Resources */,
			);
			buildRules = (
			);
			dependencies = (
			);
			name = olaappathon;
			productName = olaappathon;
			productReference = 0577504B1A847A0800F18B0D /* olaappathon.app */;
			productType = "com.apple.product-type.application";
		};
		057750631A847A0800F18B0D /* olaappathonTests */ = {
			isa = PBXNativeTarget;
			buildConfigurationList = 057750711A847A0800F18B0D /* Build configuration list for PBXNativeTarget "olaappathonTests" */;
			buildPhases = (
				057750601A847A0800F18B0D /* Sources */,
				057750611A847A0800F18B0D /* Frameworks */,
				057750621A847A0800F18B0D /* Resources */,
			);
			buildRules = (
			);
			dependencies = (
				057750661A847A0800F18B0D /* PBXTargetDependency */,
			);
			name = olaappathonTests;
			productName = olaappathonTests;
			productReference = 057750641A847A0800F18B0D /* olaappathonTests.xctest */;
			productType = "com.apple.product-type.bundle.unit-test";
		};
/* End PBXNativeTarget section */

/* Begin PBXProject section */
		057750431A847A0800F18B0D /* Project object */ = {
			isa = PBXProject;
			attributes = {
				LastUpgradeCheck = 0620;
				ORGANIZATIONNAME = "Vohra, Nikant";
				TargetAttributes = {
					0577504A1A847A0800F18B0D = {
						CreatedOnToolsVersion = 6.2;
					};
					057750631A847A0800F18B0D = {
						CreatedOnToolsVersion = 6.2;
						TestTargetID = 0577504A1A847A0800F18B0D;
					};
				};
			};
			buildConfigurationList = 057750461A847A0800F18B0D /* Build configuration list for PBXProject "olaappathon" */;
			compatibilityVersion = "Xcode 3.2";
			developmentRegion = English;
			hasScannedForEncodings = 0;
			knownRegions = (
				en,
				Base,
			);
			mainGroup = 057750421A847A0800F18B0D;
			productRefGroup = 0577504C1A847A0800F18B0D /* Products */;
			projectDirPath = "";
			projectRoot = "";
			targets = (
				0577504A1A847A0800F18B0D /* olaappathon */,
				057750631A847A0800F18B0D /* olaappathonTests */,
			);
		};
/* End PBXProject section */

/* Begin PBXResourcesBuildPhase section */
		057750491A847A0800F18B0D /* Resources */ = {
			isa = PBXResourcesBuildPhase;
			buildActionMask = 2147483647;
			files = (
				0577505A1A847A0800F18B0D /* Main.storyboard in Resources */,
				0577505F1A847A0800F18B0D /* LaunchScreen.xib in Resources */,
				0577505C1A847A0800F18B0D /* Images.xcassets in Resources */,
				057750771A847ABB00F18B0D /* GoogleMaps.bundle in Resources */,
			);
			runOnlyForDeploymentPostprocessing = 0;
		};
		057750621A847A0800F18B0D /* Resources */ = {
			isa = PBXResourcesBuildPhase;
			buildActionMask = 2147483647;
			files = (
			);
			runOnlyForDeploymentPostprocessing = 0;
		};
/* End PBXResourcesBuildPhase section */

/* Begin PBXShellScriptBuildPhase section */
		C6EFFBA8128FD23D35EC1A83 /* Copy Pods Resources */ = {
			isa = PBXShellScriptBuildPhase;
			buildActionMask = 2147483647;
			files = (
			);
			inputPaths = (
			);
			name = "Copy Pods Resources";
			outputPaths = (
			);
			runOnlyForDeploymentPostprocessing = 0;
			shellPath = /bin/sh;
			shellScript = "\"${SRCROOT}/Pods/Target Support Files/Pods/Pods-resources.sh\"\n";
			showEnvVarsInLog = 0;
		};
		D56DF0D9C5E84317D02F965B /* Check Pods Manifest.lock */ = {
			isa = PBXShellScriptBuildPhase;
			buildActionMask = 2147483647;
			files = (
			);
			inputPaths = (
			);
			name = "Check Pods Manifest.lock";
			outputPaths = (
			);
			runOnlyForDeploymentPostprocessing = 0;
			shellPath = /bin/sh;
			shellScript = "diff \"${PODS_ROOT}/../Podfile.lock\" \"${PODS_ROOT}/Manifest.lock\" > /dev/null\nif [[ $? != 0 ]] ; then\n    cat << EOM\nerror: The sandbox is not in sync with the Podfile.lock. Run 'pod install' or update your CocoaPods installation.\nEOM\n    exit 1\nfi\n";
			showEnvVarsInLog = 0;
		};
/* End PBXShellScriptBuildPhase section */

/* Begin PBXSourcesBuildPhase section */
		057750471A847A0800F18B0D /* Sources */ = {
			isa = PBXSourcesBuildPhase;
			buildActionMask = 2147483647;
			files = (
				050E10011A868D99006F4FF7 /* TracksListViewController.m in Sources */,
				057750571A847A0800F18B0D /* ViewController.m in Sources */,
				057750541A847A0800F18B0D /* AppDelegate.m in Sources */,
				057750511A847A0800F18B0D /* main.m in Sources */,
			);
			runOnlyForDeploymentPostprocessing = 0;
		};
		057750601A847A0800F18B0D /* Sources */ = {
			isa = PBXSourcesBuildPhase;
			buildActionMask = 2147483647;
			files = (
				0577506B1A847A0800F18B0D /* olaappathonTests.m in Sources */,
			);
			runOnlyForDeploymentPostprocessing = 0;
		};
/* End PBXSourcesBuildPhase section */

/* Begin PBXTargetDependency section */
		057750661A847A0800F18B0D /* PBXTargetDependency */ = {
			isa = PBXTargetDependency;
			target = 0577504A1A847A0800F18B0D /* olaappathon */;
			targetProxy = 057750651A847A0800F18B0D /* PBXContainerItemProxy */;
		};
/* End PBXTargetDependency section */

/* Begin PBXVariantGroup section */
		057750581A847A0800F18B0D /* Main.storyboard */ = {
			isa = PBXVariantGroup;
			children = (
				057750591A847A0800F18B0D /* Base */,
			);
			name = Main.storyboard;
			sourceTree = "<group>";
		};
		0577505D1A847A0800F18B0D /* LaunchScreen.xib */ = {
			isa = PBXVariantGroup;
			children = (
				0577505E1A847A0800F18B0D /* Base */,
			);
			name = LaunchScreen.xib;
			sourceTree = "<group>";
		};
/* End PBXVariantGroup section */

/* Begin XCBuildConfiguration section */
		0577506C1A847A0800F18B0D /* Debug */ = {
			isa = XCBuildConfiguration;
			buildSettings = {
				ALWAYS_SEARCH_USER_PATHS = NO;
				CLANG_CXX_LANGUAGE_STANDARD = "gnu++0x";
				CLANG_CXX_LIBRARY = "libc++";
				CLANG_ENABLE_MODULES = YES;
				CLANG_ENABLE_OBJC_ARC = YES;
				CLANG_WARN_BOOL_CONVERSION = YES;
				CLANG_WARN_CONSTANT_CONVERSION = YES;
				CLANG_WARN_DIRECT_OBJC_ISA_USAGE = YES_ERROR;
				CLANG_WARN_EMPTY_BODY = YES;
				CLANG_WARN_ENUM_CONVERSION = YES;
				CLANG_WARN_INT_CONVERSION = YES;
				CLANG_WARN_OBJC_ROOT_CLASS = YES_ERROR;
				CLANG_WARN_UNREACHABLE_CODE = YES;
				CLANG_WARN__DUPLICATE_METHOD_MATCH = YES;
				"CODE_SIGN_IDENTITY[sdk=iphoneos*]" = "iPhone Developer";
				COPY_PHASE_STRIP = NO;
				ENABLE_STRICT_OBJC_MSGSEND = YES;
				GCC_C_LANGUAGE_STANDARD = gnu99;
				GCC_DYNAMIC_NO_PIC = NO;
				GCC_OPTIMIZATION_LEVEL = 0;
				GCC_PREPROCESSOR_DEFINITIONS = (
					"DEBUG=1",
					"$(inherited)",
				);
				GCC_SYMBOLS_PRIVATE_EXTERN = NO;
				GCC_WARN_64_TO_32_BIT_CONVERSION = YES;
				GCC_WARN_ABOUT_RETURN_TYPE = YES_ERROR;
				GCC_WARN_UNDECLARED_SELECTOR = YES;
				GCC_WARN_UNINITIALIZED_AUTOS = YES_AGGRESSIVE;
				GCC_WARN_UNUSED_FUNCTION = YES;
				GCC_WARN_UNUSED_VARIABLE = YES;
				IPHONEOS_DEPLOYMENT_TARGET = 8.2;
				MTL_ENABLE_DEBUG_INFO = YES;
				ONLY_ACTIVE_ARCH = YES;
				SDKROOT = iphoneos;
				TARGETED_DEVICE_FAMILY = "1,2";
			};
			name = Debug;
		};
		0577506D1A847A0800F18B0D /* Release */ = {
			isa = XCBuildConfiguration;
			buildSettings = {
				ALWAYS_SEARCH_USER_PATHS = NO;
				CLANG_CXX_LANGUAGE_STANDARD = "gnu++0x";
				CLANG_CXX_LIBRARY = "libc++";
				CLANG_ENABLE_MODULES = YES;
				CLANG_ENABLE_OBJC_ARC = YES;
				CLANG_WARN_BOOL_CONVERSION = YES;
				CLANG_WARN_CONSTANT_CONVERSION = YES;
				CLANG_WARN_DIRECT_OBJC_ISA_USAGE = YES_ERROR;
				CLANG_WARN_EMPTY_BODY = YES;
				CLANG_WARN_ENUM_CONVERSION = YES;
				CLANG_WARN_INT_CONVERSION = YES;
				CLANG_WARN_OBJC_ROOT_CLASS = YES_ERROR;
				CLANG_WARN_UNREACHABLE_CODE = YES;
				CLANG_WARN__DUPLICATE_METHOD_MATCH = YES;
				"CODE_SIGN_IDENTITY[sdk=iphoneos*]" = "iPhone Developer";
				COPY_PHASE_STRIP = NO;
				ENABLE_NS_ASSERTIONS = NO;
				ENABLE_STRICT_OBJC_MSGSEND = YES;
				GCC_C_LANGUAGE_STANDARD = gnu99;
				GCC_WARN_64_TO_32_BIT_CONVERSION = YES;
				GCC_WARN_ABOUT_RETURN_TYPE = YES_ERROR;
				GCC_WARN_UNDECLARED_SELECTOR = YES;
				GCC_WARN_UNINITIALIZED_AUTOS = YES_AGGRESSIVE;
				GCC_WARN_UNUSED_FUNCTION = YES;
				GCC_WARN_UNUSED_VARIABLE = YES;
				IPHONEOS_DEPLOYMENT_TARGET = 8.2;
				MTL_ENABLE_DEBUG_INFO = NO;
				SDKROOT = iphoneos;
				TARGETED_DEVICE_FAMILY = "1,2";
				VALIDATE_PRODUCT = YES;
			};
			name = Release;
		};
		0577506F1A847A0800F18B0D /* Debug */ = {
			isa = XCBuildConfiguration;
			baseConfigurationReference = 4A1CA011CA19C1CE0BE3ECF3 /* Pods.debug.xcconfig */;
			buildSettings = {
				ASSETCATALOG_COMPILER_APPICON_NAME = AppIcon;
				FRAMEWORK_SEARCH_PATHS = (
					"$(inherited)",
					"$(PROJECT_DIR)/olaappathon",
				);
				INFOPLIST_FILE = olaappathon/Info.plist;
				IPHONEOS_DEPLOYMENT_TARGET = 8.1;
				LD_RUNPATH_SEARCH_PATHS = "$(inherited) @executable_path/Frameworks";
				OTHER_LDFLAGS = (
					"-ObjC",
					"-l\"Pods-CocoaSoundCloudAPI\"",
					"-l\"Pods-CocoaSoundCloudUI\"",
					"-l\"Pods-JSONKit\"",
					"-l\"Pods-NXOAuth2Client\"",
					"-l\"Pods-OHAttributedLabel\"",
					"-framework",
					"\"CoreLocation\"",
					"-framework",
					"\"CoreText\"",
					"-framework",
					"\"Security\"",
				);
				PRODUCT_NAME = "$(TARGET_NAME)";
			};
			name = Debug;
		};
		057750701A847A0800F18B0D /* Release */ = {
			isa = XCBuildConfiguration;
			baseConfigurationReference = B90077DADC01B42551E7EC6B /* Pods.release.xcconfig */;
			buildSettings = {
				ASSETCATALOG_COMPILER_APPICON_NAME = AppIcon;
				FRAMEWORK_SEARCH_PATHS = (
					"$(inherited)",
					"$(PROJECT_DIR)/olaappathon",
				);
				INFOPLIST_FILE = olaappathon/Info.plist;
				IPHONEOS_DEPLOYMENT_TARGET = 8.1;
				LD_RUNPATH_SEARCH_PATHS = "$(inherited) @executable_path/Frameworks";
				OTHER_LDFLAGS = (
					"-ObjC",
					"-l\"Pods-CocoaSoundCloudAPI\"",
					"-l\"Pods-CocoaSoundCloudUI\"",
					"-l\"Pods-JSONKit\"",
					"-l\"Pods-NXOAuth2Client\"",
					"-l\"Pods-OHAttributedLabel\"",
					"-framework",
					"\"CoreLocation\"",
					"-framework",
					"\"CoreText\"",
					"-framework",
					"\"Security\"",
				);
				PRODUCT_NAME = "$(TARGET_NAME)";
			};
			name = Release;
		};
		057750721A847A0800F18B0D /* Debug */ = {
			isa = XCBuildConfiguration;
			buildSettings = {
				BUNDLE_LOADER = "$(TEST_HOST)";
				FRAMEWORK_SEARCH_PATHS = (
					"$(SDKROOT)/Developer/Library/Frameworks",
					"$(inherited)",
				);
				GCC_PREPROCESSOR_DEFINITIONS = (
					"DEBUG=1",
					"$(inherited)",
				);
				INFOPLIST_FILE = olaappathonTests/Info.plist;
				LD_RUNPATH_SEARCH_PATHS = "$(inherited) @executable_path/Frameworks @loader_path/Frameworks";
				PRODUCT_NAME = "$(TARGET_NAME)";
				TEST_HOST = "$(BUILT_PRODUCTS_DIR)/olaappathon.app/olaappathon";
			};
			name = Debug;
		};
		057750731A847A0800F18B0D /* Release */ = {
			isa = XCBuildConfiguration;
			buildSettings = {
				BUNDLE_LOADER = "$(TEST_HOST)";
				FRAMEWORK_SEARCH_PATHS = (
					"$(SDKROOT)/Developer/Library/Frameworks",
					"$(inherited)",
				);
				INFOPLIST_FILE = olaappathonTests/Info.plist;
				LD_RUNPATH_SEARCH_PATHS = "$(inherited) @executable_path/Frameworks @loader_path/Frameworks";
				PRODUCT_NAME = "$(TARGET_NAME)";
				TEST_HOST = "$(BUILT_PRODUCTS_DIR)/olaappathon.app/olaappathon";
			};
			name = Release;
		};
/* End XCBuildConfiguration section */

/* Begin XCConfigurationList section */
		057750461A847A0800F18B0D /* Build configuration list for PBXProject "olaappathon" */ = {
			isa = XCConfigurationList;
			buildConfigurations = (
				0577506C1A847A0800F18B0D /* Debug */,
				0577506D1A847A0800F18B0D /* Release */,
			);
			defaultConfigurationIsVisible = 0;
			defaultConfigurationName = Release;
		};
		0577506E1A847A0800F18B0D /* Build configuration list for PBXNativeTarget "olaappathon" */ = {
			isa = XCConfigurationList;
			buildConfigurations = (
				0577506F1A847A0800F18B0D /* Debug */,
				057750701A847A0800F18B0D /* Release */,
			);
			defaultConfigurationIsVisible = 0;
			defaultConfigurationName = Release;
		};
		057750711A847A0800F18B0D /* Build configuration list for PBXNativeTarget "olaappathonTests" */ = {
			isa = XCConfigurationList;
			buildConfigurations = (
				057750721A847A0800F18B0D /* Debug */,
				057750731A847A0800F18B0D /* Release */,
			);
			defaultConfigurationIsVisible = 0;
			defaultConfigurationName = Release;
		};
/* End XCConfigurationList section */
	};
	rootObject = 057750431A847A0800F18B0D /* Project object */;
}
